
Microsoft Visual Studio Solution File, Format Version 12.00
Project("{FAE04EC0-301F-11D3-BF4B-00C04F79EFBC}") = "LightResults", "src\LightResults.csproj", "{5FF9B32C-F257-4CEC-80DE-2299176C5573}"
EndProject
Project("{FAE04EC0-301F-11D3-BF4B-00C04F79EFBC}") = "LightResults.Tests", "tests\LightResults.Tests\LightResults.Tests.csproj", "{93C8BC67-7F34-4935-A671-F0B12AEDB072}"
EndProject
Project("{2150E333-8FDC-42A3-9474-1A3956D46DE8}") = "Solution Items", "Solution Items", "{740BA8FD-9281-468E-BE3C-27AB7884136D}"
	ProjectSection(SolutionItems) = preProject
		README.md = README.md
	EndProjectSection
EndProject
Global
	GlobalSection(SolutionConfigurationPlatforms) = preSolution
		Debug|Any CPU = Debug|Any CPU
		Release|Any CPU = Release|Any CPU
	EndGlobalSection
	GlobalSection(ProjectConfigurationPlatforms) = postSolution
		{5FF9B32C-F257-4CEC-80DE-2299176C5573}.Debug|Any CPU.ActiveCfg = Debug|Any CPU
		{5FF9B32C-F257-4CEC-80DE-2299176C5573}.Debug|Any CPU.Build.0 = Debug|Any CPU
		{5FF9B32C-F257-4CEC-80DE-2299176C5573}.Release|Any CPU.ActiveCfg = Release|Any CPU
		{5FF9B32C-F257-4CEC-80DE-2299176C5573}.Release|Any CPU.Build.0 = Release|Any CPU
		{93C8BC67-7F34-4935-A671-F0B12AEDB072}.Debug|Any CPU.ActiveCfg = Debug|Any CPU
		{93C8BC67-7F34-4935-A671-F0B12AEDB072}.Debug|Any CPU.Build.0 = Debug|Any CPU
		{93C8BC67-7F34-4935-A671-F0B12AEDB072}.Release|Any CPU.ActiveCfg = Release|Any CPU
		{93C8BC67-7F34-4935-A671-F0B12AEDB072}.Release|Any CPU.Build.0 = Release|Any CPU
	EndGlobalSection
EndGlobal
